
Microsoft Visual Studio Solution File, Format Version 12.00
# Visual Studio 14
VisualStudioVersion = 14.0.25123.0
MinimumVisualStudioVersion = 10.0.40219.1
Project("{FAE04EC0-301F-11D3-BF4B-00C04F79EFBC}") = "BlockCoords", "BlockCoords\BlockCoords.csproj", "{E9939574-A667-4A42-ABE5-AC35445BB09B}"
EndProject
Project("{FAE04EC0-301F-11D3-BF4B-00C04F79EFBC}") = "DeleteZeroLenghtObjects", "DeleteZeroLenghtObjects\DeleteZeroLenghtObjects.csproj", "{D5C3DD00-A9FE-4625-A066-B3A319785EC8}"
EndProject
Project("{FAE04EC0-301F-11D3-BF4B-00C04F79EFBC}") = "ListAllObjects", "ListAllObjects\ListAllObjects.csproj", "{B97DA398-111C-4CEB-A041-D2253A66DC92}"
EndProject
Project("{FAE04EC0-301F-11D3-BF4B-00C04F79EFBC}") = "MLeaderCoords", "MLeaderCoords\MLeaderCoords.csproj", "{7E9B5B38-1A56-487D-8408-E82BE56A5667}"
EndProject
Global
	GlobalSection(SolutionConfigurationPlatforms) = preSolution
		Debug|Any CPU = Debug|Any CPU
		Release|Any CPU = Release|Any CPU
	EndGlobalSection
	GlobalSection(ProjectConfigurationPlatforms) = postSolution
		{E9939574-A667-4A42-ABE5-AC35445BB09B}.Debug|Any CPU.ActiveCfg = Debug|Any CPU
		{E9939574-A667-4A42-ABE5-AC35445BB09B}.Debug|Any CPU.Build.0 = Debug|Any CPU
		{E9939574-A667-4A42-ABE5-AC35445BB09B}.Release|Any CPU.ActiveCfg = Release|Any CPU
		{E9939574-A667-4A42-ABE5-AC35445BB09B}.Release|Any CPU.Build.0 = Release|Any CPU
		{D5C3DD00-A9FE-4625-A066-B3A319785EC8}.Debug|Any CPU.ActiveCfg = Debug|Any CPU
		{D5C3DD00-A9FE-4625-A066-B3A319785EC8}.Debug|Any CPU.Build.0 = Debug|Any CPU
		{D5C3DD00-A9FE-4625-A066-B3A319785EC8}.Release|Any CPU.ActiveCfg = Release|Any CPU
		{D5C3DD00-A9FE-4625-A066-B3A319785EC8}.Release|Any CPU.Build.0 = Release|Any CPU
		{B97DA398-111C-4CEB-A041-D2253A66DC92}.Debug|Any CPU.ActiveCfg = Debug|Any CPU
		{B97DA398-111C-4CEB-A041-D2253A66DC92}.Debug|Any CPU.Build.0 = Debug|Any CPU
		{B97DA398-111C-4CEB-A041-D2253A66DC92}.Release|Any CPU.ActiveCfg = Release|Any CPU
		{B97DA398-111C-4CEB-A041-D2253A66DC92}.Release|Any CPU.Build.0 = Release|Any CPU
		{7E9B5B38-1A56-487D-8408-E82BE56A5667}.Debug|Any CPU.ActiveCfg = Debug|Any CPU
		{7E9B5B38-1A56-487D-8408-E82BE56A5667}.Debug|Any CPU.Build.0 = Debug|Any CPU
		{7E9B5B38-1A56-487D-8408-E82BE56A5667}.Release|Any CPU.ActiveCfg = Release|Any CPU
		{7E9B5B38-1A56-487D-8408-E82BE56A5667}.Release|Any CPU.Build.0 = Release|Any CPU
	EndGlobalSection
	GlobalSection(SolutionProperties) = preSolution
		HideSolutionNode = FALSE
	EndGlobalSection
EndGlobal
